
Microsoft Visual Studio Solution File, Format Version 12.00
# Visual Studio Version 17
VisualStudioVersion = 17.14.35906.104
MinimumVisualStudioVersion = 10.0.40219.1
Project("{FAE04EC0-301F-11D3-BF4B-00C04F79EFBC}") = "AzureBlobProject", "AzureBlobProject\AzureBlobProject.csproj", "{44D613C8-92C2-4FB9-B0F1-6E1DC95113D1}"
EndProject
Project("{2150E333-8FDC-42A3-9474-1A3956D46DE8}") = "AzureBlobExample", "AzureBlobExample", "{02EA681E-C7D8-13C7-8484-4AC65E1B71E8}"
EndProject
Project("{2150E333-8FDC-42A3-9474-1A3956D46DE8}") = "AzureFunctionExample", "AzureFunctionExample", "{D5BB22E3-77B2-4FD1-8536-58C003C06DB3}"
EndProject
Project("{FAE04EC0-301F-11D3-BF4B-00C04F79EFBC}") = "AzureFunctionTangyWeb", "AzureFunctionTangyWeb\AzureFunctionTangyWeb.csproj", "{02084AEC-6C61-4C55-B798-6BB531BABBC2}"
EndProject
Project("{FAE04EC0-301F-11D3-BF4B-00C04F79EFBC}") = "TangyAzureFunc", "TangyAzureFunc\TangyAzureFunc.csproj", "{04F087A2-417C-4F42-B88C-C5DE433D3352}"
EndProject
Project("{2150E333-8FDC-42A3-9474-1A3956D46DE8}") = "AzureLogicAppExample", "AzureLogicAppExample", "{078C341B-1C41-4261-A740-5F130732D262}"
EndProject
Project("{FAE04EC0-301F-11D3-BF4B-00C04F79EFBC}") = "AzureSpookyLogic", "AzureSpookyLogic\AzureSpookyLogic.csproj", "{34D05B47-861E-482B-9C75-EA25A53D9599}"
EndProject
Global
	GlobalSection(SolutionConfigurationPlatforms) = preSolution
		Debug|Any CPU = Debug|Any CPU
		Release|Any CPU = Release|Any CPU
	EndGlobalSection
	GlobalSection(ProjectConfigurationPlatforms) = postSolution
		{44D613C8-92C2-4FB9-B0F1-6E1DC95113D1}.Debug|Any CPU.ActiveCfg = Debug|Any CPU
		{44D613C8-92C2-4FB9-B0F1-6E1DC95113D1}.Debug|Any CPU.Build.0 = Debug|Any CPU
		{44D613C8-92C2-4FB9-B0F1-6E1DC95113D1}.Release|Any CPU.ActiveCfg = Release|Any CPU
		{44D613C8-92C2-4FB9-B0F1-6E1DC95113D1}.Release|Any CPU.Build.0 = Release|Any CPU
		{02084AEC-6C61-4C55-B798-6BB531BABBC2}.Debug|Any CPU.ActiveCfg = Debug|Any CPU
		{02084AEC-6C61-4C55-B798-6BB531BABBC2}.Debug|Any CPU.Build.0 = Debug|Any CPU
		{02084AEC-6C61-4C55-B798-6BB531BABBC2}.Release|Any CPU.ActiveCfg = Release|Any CPU
		{02084AEC-6C61-4C55-B798-6BB531BABBC2}.Release|Any CPU.Build.0 = Release|Any CPU
		{04F087A2-417C-4F42-B88C-C5DE433D3352}.Debug|Any CPU.ActiveCfg = Debug|Any CPU
		{04F087A2-417C-4F42-B88C-C5DE433D3352}.Debug|Any CPU.Build.0 = Debug|Any CPU
		{04F087A2-417C-4F42-B88C-C5DE433D3352}.Release|Any CPU.ActiveCfg = Release|Any CPU
		{04F087A2-417C-4F42-B88C-C5DE433D3352}.Release|Any CPU.Build.0 = Release|Any CPU
		{34D05B47-861E-482B-9C75-EA25A53D9599}.Debug|Any CPU.ActiveCfg = Debug|Any CPU
		{34D05B47-861E-482B-9C75-EA25A53D9599}.Debug|Any CPU.Build.0 = Debug|Any CPU
		{34D05B47-861E-482B-9C75-EA25A53D9599}.Release|Any CPU.ActiveCfg = Release|Any CPU
		{34D05B47-861E-482B-9C75-EA25A53D9599}.Release|Any CPU.Build.0 = Release|Any CPU
	EndGlobalSection
	GlobalSection(SolutionProperties) = preSolution
		HideSolutionNode = FALSE
	EndGlobalSection
	GlobalSection(NestedProjects) = preSolution
		{44D613C8-92C2-4FB9-B0F1-6E1DC95113D1} = {02EA681E-C7D8-13C7-8484-4AC65E1B71E8}
		{02084AEC-6C61-4C55-B798-6BB531BABBC2} = {D5BB22E3-77B2-4FD1-8536-58C003C06DB3}
		{04F087A2-417C-4F42-B88C-C5DE433D3352} = {D5BB22E3-77B2-4FD1-8536-58C003C06DB3}
		{34D05B47-861E-482B-9C75-EA25A53D9599} = {078C341B-1C41-4261-A740-5F130732D262}
	EndGlobalSection
	GlobalSection(ExtensibilityGlobals) = postSolution
		SolutionGuid = {563557DC-2C56-4A64-99DC-9DFEFC52896F}
	EndGlobalSection
EndGlobal
